
Microsoft Visual Studio Solution File, Format Version 12.00
# Visual Studio Version 17
VisualStudioVersion = 17.0.31903.59
MinimumVisualStudioVersion = 10.0.40219.1
Project("{2150E333-8FDC-42A3-9474-1A3956D46DE8}") = "tests", "tests", "{0AB3BF05-4346-4AA6-1389-037BE0695223}"
EndProject
Project("{FAE04EC0-301F-11D3-BF4B-00C04F79EFBC}") = "FtpBackupUploadTool.Tests", "tests\FtpBackupUploadTool.Tests\FtpBackupUploadTool.Tests.csproj", "{A5680436-1702-48EF-8F3E-506FAED98D4D}"
EndProject
Project("{2150E333-8FDC-42A3-9474-1A3956D46DE8}") = "src", "src", "{827E0CD3-B72D-47B6-A68D-7590B98EB39B}"
EndProject
Project("{FAE04EC0-301F-11D3-BF4B-00C04F79EFBC}") = "FtpBackupUploadTool.App", "src\FtpBackupUploadTool.App\FtpBackupUploadTool.App.csproj", "{746BA30F-A4E4-45CF-95E1-B957A8B03049}"
EndProject
Project("{FAE04EC0-301F-11D3-BF4B-00C04F79EFBC}") = "FtpBackupUploadTool.Core", "src\FtpBackupUploadTool.Core\FtpBackupUploadTool.Core.csproj", "{3F3D656F-CAEF-4E07-8F94-71EC9BF3F376}"
EndProject
Global
	GlobalSection(SolutionConfigurationPlatforms) = preSolution
		Debug|Any CPU = Debug|Any CPU
		Debug|x64 = Debug|x64
		Debug|x86 = Debug|x86
		Release|Any CPU = Release|Any CPU
		Release|x64 = Release|x64
		Release|x86 = Release|x86
	EndGlobalSection
	GlobalSection(ProjectConfigurationPlatforms) = postSolution
		{A5680436-1702-48EF-8F3E-506FAED98D4D}.Debug|Any CPU.ActiveCfg = Debug|Any CPU
		{A5680436-1702-48EF-8F3E-506FAED98D4D}.Debug|Any CPU.Build.0 = Debug|Any CPU
		{A5680436-1702-48EF-8F3E-506FAED98D4D}.Debug|x64.ActiveCfg = Debug|Any CPU
		{A5680436-1702-48EF-8F3E-506FAED98D4D}.Debug|x64.Build.0 = Debug|Any CPU
		{A5680436-1702-48EF-8F3E-506FAED98D4D}.Debug|x86.ActiveCfg = Debug|Any CPU
		{A5680436-1702-48EF-8F3E-506FAED98D4D}.Debug|x86.Build.0 = Debug|Any CPU
		{A5680436-1702-48EF-8F3E-506FAED98D4D}.Release|Any CPU.ActiveCfg = Release|Any CPU
		{A5680436-1702-48EF-8F3E-506FAED98D4D}.Release|Any CPU.Build.0 = Release|Any CPU
		{A5680436-1702-48EF-8F3E-506FAED98D4D}.Release|x64.ActiveCfg = Release|Any CPU
		{A5680436-1702-48EF-8F3E-506FAED98D4D}.Release|x64.Build.0 = Release|Any CPU
		{A5680436-1702-48EF-8F3E-506FAED98D4D}.Release|x86.ActiveCfg = Release|Any CPU
		{A5680436-1702-48EF-8F3E-506FAED98D4D}.Release|x86.Build.0 = Release|Any CPU
		{746BA30F-A4E4-45CF-95E1-B957A8B03049}.Debug|Any CPU.ActiveCfg = Debug|Any CPU
		{746BA30F-A4E4-45CF-95E1-B957A8B03049}.Debug|Any CPU.Build.0 = Debug|Any CPU
		{746BA30F-A4E4-45CF-95E1-B957A8B03049}.Debug|x64.ActiveCfg = Debug|Any CPU
		{746BA30F-A4E4-45CF-95E1-B957A8B03049}.Debug|x64.Build.0 = Debug|Any CPU
		{746BA30F-A4E4-45CF-95E1-B957A8B03049}.Debug|x86.ActiveCfg = Debug|Any CPU
		{746BA30F-A4E4-45CF-95E1-B957A8B03049}.Debug|x86.Build.0 = Debug|Any CPU
		{746BA30F-A4E4-45CF-95E1-B957A8B03049}.Release|Any CPU.ActiveCfg = Release|Any CPU
		{746BA30F-A4E4-45CF-95E1-B957A8B03049}.Release|Any CPU.Build.0 = Release|Any CPU
		{746BA30F-A4E4-45CF-95E1-B957A8B03049}.Release|x64.ActiveCfg = Release|Any CPU
		{746BA30F-A4E4-45CF-95E1-B957A8B03049}.Release|x64.Build.0 = Release|Any CPU
		{746BA30F-A4E4-45CF-95E1-B957A8B03049}.Release|x86.ActiveCfg = Release|Any CPU
		{746BA30F-A4E4-45CF-95E1-B957A8B03049}.Release|x86.Build.0 = Release|Any CPU
		{3F3D656F-CAEF-4E07-8F94-71EC9BF3F376}.Debug|Any CPU.ActiveCfg = Debug|Any CPU
		{3F3D656F-CAEF-4E07-8F94-71EC9BF3F376}.Debug|Any CPU.Build.0 = Debug|Any CPU
		{3F3D656F-CAEF-4E07-8F94-71EC9BF3F376}.Debug|x64.ActiveCfg = Debug|Any CPU
		{3F3D656F-CAEF-4E07-8F94-71EC9BF3F376}.Debug|x64.Build.0 = Debug|Any CPU
		{3F3D656F-CAEF-4E07-8F94-71EC9BF3F376}.Debug|x86.ActiveCfg = Debug|Any CPU
		{3F3D656F-CAEF-4E07-8F94-71EC9BF3F376}.Debug|x86.Build.0 = Debug|Any CPU
		{3F3D656F-CAEF-4E07-8F94-71EC9BF3F376}.Release|Any CPU.ActiveCfg = Release|Any CPU
		{3F3D656F-CAEF-4E07-8F94-71EC9BF3F376}.Release|Any CPU.Build.0 = Release|Any CPU
		{3F3D656F-CAEF-4E07-8F94-71EC9BF3F376}.Release|x64.ActiveCfg = Release|Any CPU
		{3F3D656F-CAEF-4E07-8F94-71EC9BF3F376}.Release|x64.Build.0 = Release|Any CPU
		{3F3D656F-CAEF-4E07-8F94-71EC9BF3F376}.Release|x86.ActiveCfg = Release|Any CPU
		{3F3D656F-CAEF-4E07-8F94-71EC9BF3F376}.Release|x86.Build.0 = Release|Any CPU
	EndGlobalSection
	GlobalSection(SolutionProperties) = preSolution
		HideSolutionNode = FALSE
	EndGlobalSection
	GlobalSection(NestedProjects) = preSolution
		{A5680436-1702-48EF-8F3E-506FAED98D4D} = {0AB3BF05-4346-4AA6-1389-037BE0695223}
		{746BA30F-A4E4-45CF-95E1-B957A8B03049} = {827E0CD3-B72D-47B6-A68D-7590B98EB39B}
		{3F3D656F-CAEF-4E07-8F94-71EC9BF3F376} = {827E0CD3-B72D-47B6-A68D-7590B98EB39B}
	EndGlobalSection
EndGlobal
